
Microsoft Visual Studio Solution File, Format Version 12.00
# Visual Studio Version 16
VisualStudioVersion = 16.0.32901.82
MinimumVisualStudioVersion = 10.0.40219.1
Project("{FAE04EC0-301F-11D3-BF4B-00C04F79EFBC}") = "csharp_mini_game", "csharp_mini_game\csharp_mini_game.csproj", "{8D51E8BE-B061-4961-B6B1-009270760E68}"
EndProject
Global
	GlobalSection(SolutionConfigurationPlatforms) = preSolution
		Debug|Any CPU = Debug|Any CPU
		Release|Any CPU = Release|Any CPU
	EndGlobalSection
	GlobalSection(ProjectConfigurationPlatforms) = postSolution
		{8D51E8BE-B061-4961-B6B1-009270760E68}.Debug|Any CPU.ActiveCfg = Debug|Any CPU
		{8D51E8BE-B061-4961-B6B1-009270760E68}.Debug|Any CPU.Build.0 = Debug|Any CPU
		{8D51E8BE-B061-4961-B6B1-009270760E68}.Release|Any CPU.ActiveCfg = Release|Any CPU
		{8D51E8BE-B061-4961-B6B1-009270760E68}.Release|Any CPU.Build.0 = Release|Any CPU
	EndGlobalSection
	GlobalSection(SolutionProperties) = preSolution
		HideSolutionNode = FALSE
	EndGlobalSection
	GlobalSection(ExtensibilityGlobals) = postSolution
		SolutionGuid = {97F34C58-AD0F-4B73-B36B-E89B2B39FE1B}
	EndGlobalSection
EndGlobal
